
Microsoft Visual Studio Solution File, Format Version 12.00
# Visual Studio Version 17
VisualStudioVersion = 17.14.36203.30 d17.14
MinimumVisualStudioVersion = 10.0.40219.1
Project("{FAE04EC0-301F-11D3-BF4B-00C04F79EFBC}") = "L10_DA1248926", "L10_DA1248926.csproj", "{95831108-9B04-4EE0-BACD-65336EA2CA1C}"
EndProject
Global
	GlobalSection(SolutionConfigurationPlatforms) = preSolution
		Debug|Any CPU = Debug|Any CPU
		Release|Any CPU = Release|Any CPU
	EndGlobalSection
	GlobalSection(ProjectConfigurationPlatforms) = postSolution
		{95831108-9B04-4EE0-BACD-65336EA2CA1C}.Debug|Any CPU.ActiveCfg = Debug|Any CPU
		{95831108-9B04-4EE0-BACD-65336EA2CA1C}.Debug|Any CPU.Build.0 = Debug|Any CPU
		{95831108-9B04-4EE0-BACD-65336EA2CA1C}.Release|Any CPU.ActiveCfg = Release|Any CPU
		{95831108-9B04-4EE0-BACD-65336EA2CA1C}.Release|Any CPU.Build.0 = Release|Any CPU
	EndGlobalSection
	GlobalSection(SolutionProperties) = preSolution
		HideSolutionNode = FALSE
	EndGlobalSection
	GlobalSection(ExtensibilityGlobals) = postSolution
		SolutionGuid = {7914C307-BC2E-4551-AF2E-B3947EB45683}
	EndGlobalSection
EndGlobal
