
Microsoft Visual Studio Solution File, Format Version 12.00
# Visual Studio Version 17
VisualStudioVersion = 17.14.36203.30 d17.14
MinimumVisualStudioVersion = 10.0.40219.1
Project("{FAE04EC0-301F-11D3-BF4B-00C04F79EFBC}") = "L6_DA1248926", "L6_DA1248926\L6_DA1248926.csproj", "{C63D105C-1BAD-4191-A2E4-B0BF93B2C223}"
EndProject
Global
	GlobalSection(SolutionConfigurationPlatforms) = preSolution
		Debug|Any CPU = Debug|Any CPU
		Release|Any CPU = Release|Any CPU
	EndGlobalSection
	GlobalSection(ProjectConfigurationPlatforms) = postSolution
		{C63D105C-1BAD-4191-A2E4-B0BF93B2C223}.Debug|Any CPU.ActiveCfg = Debug|Any CPU
		{C63D105C-1BAD-4191-A2E4-B0BF93B2C223}.Debug|Any CPU.Build.0 = Debug|Any CPU
		{C63D105C-1BAD-4191-A2E4-B0BF93B2C223}.Release|Any CPU.ActiveCfg = Release|Any CPU
		{C63D105C-1BAD-4191-A2E4-B0BF93B2C223}.Release|Any CPU.Build.0 = Release|Any CPU
	EndGlobalSection
	GlobalSection(SolutionProperties) = preSolution
		HideSolutionNode = FALSE
	EndGlobalSection
	GlobalSection(ExtensibilityGlobals) = postSolution
		SolutionGuid = {B546962A-97D5-4DE6-A3FA-4137FF78BBDC}
	EndGlobalSection
EndGlobal
