
Microsoft Visual Studio Solution File, Format Version 12.00
# Visual Studio Version 17
VisualStudioVersion = 17.14.36203.30 d17.14
MinimumVisualStudioVersion = 10.0.40219.1
Project("{FAE04EC0-301F-11D3-BF4B-00C04F79EFBC}") = "L11_DA_1248926", "L11_DA_1248926\L11_DA_1248926.csproj", "{092694F1-278B-4557-8772-24E738E8B8D7}"
EndProject
Global
	GlobalSection(SolutionConfigurationPlatforms) = preSolution
		Debug|Any CPU = Debug|Any CPU
		Release|Any CPU = Release|Any CPU
	EndGlobalSection
	GlobalSection(ProjectConfigurationPlatforms) = postSolution
		{092694F1-278B-4557-8772-24E738E8B8D7}.Debug|Any CPU.ActiveCfg = Debug|Any CPU
		{092694F1-278B-4557-8772-24E738E8B8D7}.Debug|Any CPU.Build.0 = Debug|Any CPU
		{092694F1-278B-4557-8772-24E738E8B8D7}.Release|Any CPU.ActiveCfg = Release|Any CPU
		{092694F1-278B-4557-8772-24E738E8B8D7}.Release|Any CPU.Build.0 = Release|Any CPU
	EndGlobalSection
	GlobalSection(SolutionProperties) = preSolution
		HideSolutionNode = FALSE
	EndGlobalSection
	GlobalSection(ExtensibilityGlobals) = postSolution
		SolutionGuid = {E0560B13-89D4-40E5-84F7-3A1A5A92DFDE}
	EndGlobalSection
EndGlobal
