
Microsoft Visual Studio Solution File, Format Version 12.00
# Visual Studio Version 17
VisualStudioVersion = 17.14.36203.30 d17.14
MinimumVisualStudioVersion = 10.0.40219.1
Project("{FAE04EC0-301F-11D3-BF4B-00C04F79EFBC}") = "L8_DA_1248926", "L8_DA_1248926\L8_DA_1248926.csproj", "{7672ACCC-56A3-4EEE-865E-9EF11B7751AD}"
EndProject
Global
	GlobalSection(SolutionConfigurationPlatforms) = preSolution
		Debug|Any CPU = Debug|Any CPU
		Release|Any CPU = Release|Any CPU
	EndGlobalSection
	GlobalSection(ProjectConfigurationPlatforms) = postSolution
		{7672ACCC-56A3-4EEE-865E-9EF11B7751AD}.Debug|Any CPU.ActiveCfg = Debug|Any CPU
		{7672ACCC-56A3-4EEE-865E-9EF11B7751AD}.Debug|Any CPU.Build.0 = Debug|Any CPU
		{7672ACCC-56A3-4EEE-865E-9EF11B7751AD}.Release|Any CPU.ActiveCfg = Release|Any CPU
		{7672ACCC-56A3-4EEE-865E-9EF11B7751AD}.Release|Any CPU.Build.0 = Release|Any CPU
	EndGlobalSection
	GlobalSection(SolutionProperties) = preSolution
		HideSolutionNode = FALSE
	EndGlobalSection
	GlobalSection(ExtensibilityGlobals) = postSolution
		SolutionGuid = {45D5CA0B-7F97-4B34-9112-3AFF7643B98E}
	EndGlobalSection
EndGlobal
